
Microsoft Visual Studio Solution File, Format Version 12.00
# Visual Studio 15
VisualStudioVersion = 15.0.28307.438
MinimumVisualStudioVersion = 10.0.40219.1
Project("{FAE04EC0-301F-11D3-BF4B-00C04F79EFBC}") = "TextSearcher", "TextSearcher\TextSearcher.csproj", "{EAAC9660-78DA-41B7-860F-CBDA58F1553E}"
EndProject
Global
	GlobalSection(SolutionConfigurationPlatforms) = preSolution
		Debug|Any CPU = Debug|Any CPU
		Release|Any CPU = Release|Any CPU
	EndGlobalSection
	GlobalSection(ProjectConfigurationPlatforms) = postSolution
		{EAAC9660-78DA-41B7-860F-CBDA58F1553E}.Debug|Any CPU.ActiveCfg = Debug|Any CPU
		{EAAC9660-78DA-41B7-860F-CBDA58F1553E}.Debug|Any CPU.Build.0 = Debug|Any CPU
		{EAAC9660-78DA-41B7-860F-CBDA58F1553E}.Release|Any CPU.ActiveCfg = Release|Any CPU
		{EAAC9660-78DA-41B7-860F-CBDA58F1553E}.Release|Any CPU.Build.0 = Release|Any CPU
	EndGlobalSection
	GlobalSection(SolutionProperties) = preSolution
		HideSolutionNode = FALSE
	EndGlobalSection
	GlobalSection(ExtensibilityGlobals) = postSolution
		SolutionGuid = {58B0115D-83BC-4F52-94F3-C51BBED678F5}
	EndGlobalSection
EndGlobal
